PODS:
  - Kanna (1.0.2)
  - MGSwipeTableCell (1.5.1)
  - SDWebImage (3.7.3):
    - SDWebImage/Core (= 3.7.3)
  - SDWebImage/Core (3.7.3)
  - SnapKit (0.16.0)
  - SwiftyJSON (2.3.1)
  - TUSafariActivity (1.0.4)
  - UIColor_Hex_Swift (1.5)

DEPENDENCIES:
  - Kanna (~> 1.0.0)
  - MGSwipeTableCell (~> 1.5.1)
  - SDWebImage (~> 3.7)
  - SnapKit
  - SwiftyJSON (from `https://github.com/SwiftyJSON/SwiftyJSON.git`)
  - TUSafariActivity (~> 1.0)
  - UIColor_Hex_Swift (~> 1.1)

EXTERNAL SOURCES:
  SwiftyJSON:
    :git: https://github.com/SwiftyJSON/SwiftyJSON.git

CHECKOUT OPTIONS:
  SwiftyJSON:
    :commit: ece271ab33839d11c2153d71fb59c53545132cf9
    :git: https://github.com/SwiftyJSON/SwiftyJSON.git

SPEC CHECKSUMS:
  Kanna: 059afb193a9f8ea34f46cb55a8b11bf4257efad8
  MGSwipeTableCell: a51fa670c01f0aa048f12af040acebf315223137
  SDWebImage: 1d2b1a1efda1ade1b00b6f8498865f8ddedc8a84
  SnapKit: ddac6b339d571f9d80dbb733585b172ee9eed3cb
  SwiftyJSON: 592b53bee5ef3dd9b3bebc6b9cb7ee35426ae8c3
  TUSafariActivity: afc55a00965377939107ce4fdc7f951f62454546
  UIColor_Hex_Swift: 09997d02e9ba2833569fd048663fddbe90cf2c52

COCOAPODS: 0.39.0
