// !$*UTF8*$!
{
	archiveVersion = 1;
	classes = {
	};
	objectVersion = 46;
	objects = {

/* Begin PBXBuildFile section */
		440504B31BC002D0008893DC /* MTSearch.swift in Sources */ = {isa = PBXBuildFile; fileRef = 440504B21BC002D0008893DC /* MTSearch.swift */; };
		440708F71BBEC95C0066D5E9 /* MTTypes.swift in Sources */ = {isa = PBXBuildFile; fileRef = 440708F61BBEC95C0066D5E9 /* MTTypes.swift */; };
		440A42841C81FB27009A9633 /* MTSettingsViewController.swift in Sources */ = {isa = PBXBuildFile; fileRef = 440A42831C81FB27009A9633 /* MTSettingsViewController.swift */; };
		440E9FAE1BC9ECBB00089E02 /* MTItemViewController.swift in Sources */ = {isa = PBXBuildFile; fileRef = 440E9FAD1BC9ECBB00089E02 /* MTItemViewController.swift */; };
		440FAEA41C349FB000BA2E39 /* MTFilter.swift in Sources */ = {isa = PBXBuildFile; fileRef = 440FAEA31C349FB000BA2E39 /* MTFilter.swift */; };
		441B2FBC1CC35DE200F90E08 /* MTBrowseViewController.swift in Sources */ = {isa = PBXBuildFile; fileRef = 441B2FBB1CC35DE200F90E08 /* MTBrowseViewController.swift */; };
		441B2FBE1CC3615D00F90E08 /* MTBrowseDataSource.swift in Sources */ = {isa = PBXBuildFile; fileRef = 441B2FBD1CC3615D00F90E08 /* MTBrowseDataSource.swift */; };
		442172CE1CCCD295007E2ED2 /* MTViewController.swift in Sources */ = {isa = PBXBuildFile; fileRef = 442172CD1CCCD295007E2ED2 /* MTViewController.swift */; };
		4426DDEC1C659F9A008F8BF2 /* Container.swift in Sources */ = {isa = PBXBuildFile; fileRef = 4426DDE21C659F9A008F8BF2 /* Container.swift */; };
		4426DDED1C659F9A008F8BF2 /* Sticker.swift in Sources */ = {isa = PBXBuildFile; fileRef = 4426DDE31C659F9A008F8BF2 /* Sticker.swift */; };
		4426DDEF1C659F9A008F8BF2 /* Tag.swift in Sources */ = {isa = PBXBuildFile; fileRef = 4426DDE51C659F9A008F8BF2 /* Tag.swift */; };
		4426DDF01C659F9A008F8BF2 /* Gift.swift in Sources */ = {isa = PBXBuildFile; fileRef = 4426DDE61C659F9A008F8BF2 /* Gift.swift */; };
		4426DDF11C659F9A008F8BF2 /* MusicKit.swift in Sources */ = {isa = PBXBuildFile; fileRef = 4426DDE71C659F9A008F8BF2 /* MusicKit.swift */; };
		4426DDF31C659F9A008F8BF2 /* Tool.swift in Sources */ = {isa = PBXBuildFile; fileRef = 4426DDE91C659F9A008F8BF2 /* Tool.swift */; };
		4426DDF41C659F9A008F8BF2 /* Key.swift in Sources */ = {isa = PBXBuildFile; fileRef = 4426DDEA1C659F9A008F8BF2 /* Key.swift */; };
		4426DDF51C659F9A008F8BF2 /* Pass.swift in Sources */ = {isa = PBXBuildFile; fileRef = 4426DDEB1C659F9A008F8BF2 /* Pass.swift */; };
		442A1B8E1BC8CBFF00035B9E /* MTSearchResultCell.swift in Sources */ = {isa = PBXBuildFile; fileRef = 442A1B8D1BC8CBFF00035B9E /* MTSearchResultCell.swift */; };
		445310061BEE275C001E79E0 /* MTWatchListViewController.swift in Sources */ = {isa = PBXBuildFile; fileRef = 445310051BEE275C001E79E0 /* MTWatchListViewController.swift */; };
		4453100B1BEE2B89001E79E0 /* MTInventoryViewController.swift in Sources */ = {isa = PBXBuildFile; fileRef = 4453100A1BEE2B89001E79E0 /* MTInventoryViewController.swift */; };
		4453100E1BEE2D9F001E79E0 /* MTNavigationViewController.swift in Sources */ = {isa = PBXBuildFile; fileRef = 4453100D1BEE2D9F001E79E0 /* MTNavigationViewController.swift */; };
		44584D411BC685BB00BD5FAA /* MTSteamMarketCommunicator.swift in Sources */ = {isa = PBXBuildFile; fileRef = 44584D401BC685BB00BD5FAA /* MTSteamMarketCommunicator.swift */; };
		445D89771C8DDF310010D0C0 /* MTItemDescriptionCell.swift in Sources */ = {isa = PBXBuildFile; fileRef = 445D89731C8DDF310010D0C0 /* MTItemDescriptionCell.swift */; };
		445D89781C8DDF310010D0C0 /* MTItemWearCell.swift in Sources */ = {isa = PBXBuildFile; fileRef = 445D89741C8DDF310010D0C0 /* MTItemWearCell.swift */; };
		445D89791C8DDF310010D0C0 /* MTItemWatchCell.swift in Sources */ = {isa = PBXBuildFile; fileRef = 445D89751C8DDF310010D0C0 /* MTItemWatchCell.swift */; };
		445D897A1C8DDF310010D0C0 /* MTItemImageHeaderView.swift in Sources */ = {isa = PBXBuildFile; fileRef = 445D89761C8DDF310010D0C0 /* MTItemImageHeaderView.swift */; };
		445D897E1C8DDFA40010D0C0 /* MTItemCollectionCell.swift in Sources */ = {isa = PBXBuildFile; fileRef = 445D897D1C8DDFA40010D0C0 /* MTItemCollectionCell.swift */; };
		445F2D0A1C35216C00C5995B /* MTFilterOption.swift in Sources */ = {isa = PBXBuildFile; fileRef = 445F2D091C35216C00C5995B /* MTFilterOption.swift */; };
		4466CEEC1CB56A9A003BDB50 /* MarketTrak.sqlite in Resources */ = {isa = PBXBuildFile; fileRef = 4466CEEB1CB55A51003BDB50 /* MarketTrak.sqlite */; };
		447B74521BBC1A2D000CBE8F /* AppDelegate.swift in Sources */ = {isa = PBXBuildFile; fileRef = 447B74511BBC1A2D000CBE8F /* AppDelegate.swift */; };
		447B74541BBC1A2D000CBE8F /* MTHomeViewController.swift in Sources */ = {isa = PBXBuildFile; fileRef = 447B74531BBC1A2D000CBE8F /* MTHomeViewController.swift */; };
		447B74591BBC1A2D000CBE8F /* Assets.xcassets in Resources */ = {isa = PBXBuildFile; fileRef = 447B74581BBC1A2D000CBE8F /* Assets.xcassets */; };
		447B745C1BBC1A2D000CBE8F /* LaunchScreen.storyboard in Resources */ = {isa = PBXBuildFile; fileRef = 447B745A1BBC1A2D000CBE8F /* LaunchScreen.storyboard */; };
		447B74671BBC1A2D000CBE8F /* MarketTrakTests.swift in Sources */ = {isa = PBXBuildFile; fileRef = 447B74661BBC1A2D000CBE8F /* MarketTrakTests.swift */; };
		447B74721BBC1A2D000CBE8F /* MarketTrakUITests.swift in Sources */ = {isa = PBXBuildFile; fileRef = 447B74711BBC1A2D000CBE8F /* MarketTrakUITests.swift */; };
		447B74801BBC1B3F000CBE8F /* Podfile in Resources */ = {isa = PBXBuildFile; fileRef = 447B747F1BBC1B3F000CBE8F /* Podfile */; };
		447D29051CB0D49400A7B718 /* MTResultViewController.swift in Sources */ = {isa = PBXBuildFile; fileRef = 447D29041CB0D49400A7B718 /* MTResultViewController.swift */; };
		447FCE3D1CB9095300FBF2CD /* MTItemTitleCell.swift in Sources */ = {isa = PBXBuildFile; fileRef = 447FCE3C1CB9095300FBF2CD /* MTItemTitleCell.swift */; };
		4485AF251C029E3B00C56489 /* MTTintTextField.swift in Sources */ = {isa = PBXBuildFile; fileRef = 4485AF241C029E3B00C56489 /* MTTintTextField.swift */; };
		448B27171CC363F600ABCD8E /* MarketFilters.json in Resources */ = {isa = PBXBuildFile; fileRef = 448B27161CC363F600ABCD8E /* MarketFilters.json */; };
		449723711C347FE8001EAD1A /* Filter.swift in Sources */ = {isa = PBXBuildFile; fileRef = 449723701C347FE8001EAD1A /* Filter.swift */; };
		44A563631C2AA8CE00BB3F1A /* libsqlite3.dylib in Frameworks */ = {isa = PBXBuildFile; fileRef = 44A563611C2AA8CE00BB3F1A /* libsqlite3.dylib */; };
		44A563641C2AA8CE00BB3F1A /* libz.1.dylib in Frameworks */ = {isa = PBXBuildFile; fileRef = 44A563621C2AA8CE00BB3F1A /* libz.1.dylib */; };
		44BD40461C78B98D001C0F83 /* MTTabBarController.swift in Sources */ = {isa = PBXBuildFile; fileRef = 44BD40451C78B98D001C0F83 /* MTTabBarController.swift */; };
		44D428BB1C2E278500876859 /* MTCoreDataCommunicator.swift in Sources */ = {isa = PBXBuildFile; fileRef = 44D428BA1C2E278500876859 /* MTCoreDataCommunicator.swift */; };
		44D428BE1C2E3EB000876859 /* MarketTrak.xcdatamodeld in Sources */ = {isa = PBXBuildFile; fileRef = 44D428BC1C2E3EB000876859 /* MarketTrak.xcdatamodeld */; };
		44DBD9901BE4F2F900865733 /* UIColor+MarketTrak.swift in Sources */ = {isa = PBXBuildFile; fileRef = 44DBD98F1BE4F2F900865733 /* UIColor+MarketTrak.swift */; };
		44DE45F71C6793A600382D7B /* Weapon.swift in Sources */ = {isa = PBXBuildFile; fileRef = 44DE45F51C6793A600382D7B /* Weapon.swift */; };
		44E1008C1C14268E0011E3A3 /* MTSearchFilterDataSource.swift in Sources */ = {isa = PBXBuildFile; fileRef = 44E1008B1C14268E0011E3A3 /* MTSearchFilterDataSource.swift */; };
		44E72C2C1BC1650000C57F4D /* MTItem.swift in Sources */ = {isa = PBXBuildFile; fileRef = 44E72C2B1BC1650000C57F4D /* MTItem.swift */; };
		44ED167C1C1092670006B85C /* MTFilterCell.swift in Sources */ = {isa = PBXBuildFile; fileRef = 44ED167B1C1092670006B85C /* MTFilterCell.swift */; };
		44F188BC1CBA3EC60072404C /* MTCollectionListViewController.swift in Sources */ = {isa = PBXBuildFile; fileRef = 44F188BB1CBA3EC60072404C /* MTCollectionListViewController.swift */; };
		82DC2D8DD4475BDDBBC87813 /* Pods_MarketTrak.framework in Frameworks */ = {isa = PBXBuildFile; fileRef = 32D2C390EE38B7862DC80DE3 /* Pods_MarketTrak.framework */; };
/* End PBXBuildFile section */

/* Begin PBXContainerItemProxy section */
		447B74631BBC1A2D000CBE8F /* PBXContainerItemProxy */ = {
			isa = PBXContainerItemProxy;
			containerPortal = 447B74461BBC1A2D000CBE8F /* Project object */;
			proxyType = 1;
			remoteGlobalIDString = 447B744D1BBC1A2D000CBE8F;
			remoteInfo = MarketTrak;
		};
		447B746E1BBC1A2D000CBE8F /* PBXContainerItemProxy */ = {
			isa = PBXContainerItemProxy;
			containerPortal = 447B74461BBC1A2D000CBE8F /* Project object */;
			proxyType = 1;
			remoteGlobalIDString = 447B744D1BBC1A2D000CBE8F;
			remoteInfo = MarketTrak;
		};
/* End PBXContainerItemProxy section */

/* Begin PBXFileReference section */
		32D2C390EE38B7862DC80DE3 /* Pods_MarketTrak.framework */ = {isa = PBXFileReference; explicitFileType = wrapper.framework; includeInIndex = 0; path = Pods_MarketTrak.framework; sourceTree = BUILT_PRODUCTS_DIR; };
		3CBD2D3AAD73541F3840C55B /* Pods-MarketTrak.release.xcconfig */ = {isa = PBXFileReference; includeInIndex = 1; lastKnownFileType = text.xcconfig; name = "Pods-MarketTrak.release.xcconfig"; path = "Pods/Target Support Files/Pods-MarketTrak/Pods-MarketTrak.release.xcconfig"; sourceTree = "<group>"; };
		440504B21BC002D0008893DC /* MTSearch.swift */ = {isa = PBXFileReference; fileEncoding = 4; lastKnownFileType = sourcecode.swift; path = MTSearch.swift; sourceTree = "<group>"; };
		440708F61BBEC95C0066D5E9 /* MTTypes.swift */ = {isa = PBXFileReference; fileEncoding = 4; lastKnownFileType = sourcecode.swift; path = MTTypes.swift; sourceTree = "<group>"; };
		440A42831C81FB27009A9633 /* MTSettingsViewController.swift */ = {isa = PBXFileReference; fileEncoding = 4; lastKnownFileType = sourcecode.swift; path = MTSettingsViewController.swift; sourceTree = "<group>"; };
		440E9FAD1BC9ECBB00089E02 /* MTItemViewController.swift */ = {isa = PBXFileReference; fileEncoding = 4; lastKnownFileType = sourcecode.swift; path = MTItemViewController.swift; sourceTree = "<group>"; };
		440FAEA31C349FB000BA2E39 /* MTFilter.swift */ = {isa = PBXFileReference; fileEncoding = 4; lastKnownFileType = sourcecode.swift; path = MTFilter.swift; sourceTree = "<group>"; };
		441B2FBB1CC35DE200F90E08 /* MTBrowseViewController.swift */ = {isa = PBXFileReference; fileEncoding = 4; lastKnownFileType = sourcecode.swift; path = MTBrowseViewController.swift; sourceTree = "<group>"; };
		441B2FBD1CC3615D00F90E08 /* MTBrowseDataSource.swift */ = {isa = PBXFileReference; fileEncoding = 4; lastKnownFileType = sourcecode.swift; path = MTBrowseDataSource.swift; sourceTree = "<group>"; };
		442172CD1CCCD295007E2ED2 /* MTViewController.swift */ = {isa = PBXFileReference; fileEncoding = 4; lastKnownFileType = sourcecode.swift; path = MTViewController.swift; sourceTree = "<group>"; };
		4426DDE21C659F9A008F8BF2 /* Container.swift */ = {isa = PBXFileReference; fileEncoding = 4; lastKnownFileType = sourcecode.swift; path = Container.swift; sourceTree = "<group>"; };
		4426DDE31C659F9A008F8BF2 /* Sticker.swift */ = {isa = PBXFileReference; fileEncoding = 4; lastKnownFileType = sourcecode.swift; path = Sticker.swift; sourceTree = "<group>"; };
		4426DDE51C659F9A008F8BF2 /* Tag.swift */ = {isa = PBXFileReference; fileEncoding = 4; lastKnownFileType = sourcecode.swift; path = Tag.swift; sourceTree = "<group>"; };
		4426DDE61C659F9A008F8BF2 /* Gift.swift */ = {isa = PBXFileReference; fileEncoding = 4; lastKnownFileType = sourcecode.swift; path = Gift.swift; sourceTree = "<group>"; };
		4426DDE71C659F9A008F8BF2 /* MusicKit.swift */ = {isa = PBXFileReference; fileEncoding = 4; lastKnownFileType = sourcecode.swift; path = MusicKit.swift; sourceTree = "<group>"; };
		4426DDE91C659F9A008F8BF2 /* Tool.swift */ = {isa = PBXFileReference; fileEncoding = 4; lastKnownFileType = sourcecode.swift; path = Tool.swift; sourceTree = "<group>"; };
		4426DDEA1C659F9A008F8BF2 /* Key.swift */ = {isa = PBXFileReference; fileEncoding = 4; lastKnownFileType = sourcecode.swift; path = Key.swift; sourceTree = "<group>"; };
		4426DDEB1C659F9A008F8BF2 /* Pass.swift */ = {isa = PBXFileReference; fileEncoding = 4; lastKnownFileType = sourcecode.swift; path = Pass.swift; sourceTree = "<group>"; };
		442A1B8D1BC8CBFF00035B9E /* MTSearchResultCell.swift */ = {isa = PBXFileReference; fileEncoding = 4; lastKnownFileType = sourcecode.swift; path = MTSearchResultCell.swift; sourceTree = "<group>"; };
		445310051BEE275C001E79E0 /* MTWatchListViewController.swift */ = {isa = PBXFileReference; fileEncoding = 4; lastKnownFileType = sourcecode.swift; path = MTWatchListViewController.swift; sourceTree = "<group>"; };
		4453100A1BEE2B89001E79E0 /* MTInventoryViewController.swift */ = {isa = PBXFileReference; fileEncoding = 4; lastKnownFileType = sourcecode.swift; path = MTInventoryViewController.swift; sourceTree = "<group>"; };
		4453100D1BEE2D9F001E79E0 /* MTNavigationViewController.swift */ = {isa = PBXFileReference; fileEncoding = 4; lastKnownFileType = sourcecode.swift; path = MTNavigationViewController.swift; sourceTree = "<group>"; };
		44584D401BC685BB00BD5FAA /* MTSteamMarketCommunicator.swift */ = {isa = PBXFileReference; fileEncoding = 4; lastKnownFileType = sourcecode.swift; path = MTSteamMarketCommunicator.swift; sourceTree = "<group>"; };
		445D89731C8DDF310010D0C0 /* MTItemDescriptionCell.swift */ = {isa = PBXFileReference; fileEncoding = 4; lastKnownFileType = sourcecode.swift; path = MTItemDescriptionCell.swift; sourceTree = "<group>"; };
		445D89741C8DDF310010D0C0 /* MTItemWearCell.swift */ = {isa = PBXFileReference; fileEncoding = 4; lastKnownFileType = sourcecode.swift; path = MTItemWearCell.swift; sourceTree = "<group>"; };
		445D89751C8DDF310010D0C0 /* MTItemWatchCell.swift */ = {isa = PBXFileReference; fileEncoding = 4; lastKnownFileType = sourcecode.swift; path = MTItemWatchCell.swift; sourceTree = "<group>"; };
		445D89761C8DDF310010D0C0 /* MTItemImageHeaderView.swift */ = {isa = PBXFileReference; fileEncoding = 4; lastKnownFileType = sourcecode.swift; path = MTItemImageHeaderView.swift; sourceTree = "<group>"; };
		445D897D1C8DDFA40010D0C0 /* MTItemCollectionCell.swift */ = {isa = PBXFileReference; fileEncoding = 4; lastKnownFileType = sourcecode.swift; path = MTItemCollectionCell.swift; sourceTree = "<group>"; };
		445F2D091C35216C00C5995B /* MTFilterOption.swift */ = {isa = PBXFileReference; fileEncoding = 4; lastKnownFileType = sourcecode.swift; path = MTFilterOption.swift; sourceTree = "<group>"; };
		4466CEEB1CB55A51003BDB50 /* MarketTrak.sqlite */ = {isa = PBXFileReference; lastKnownFileType = file; path = MarketTrak.sqlite; sourceTree = "<group>"; };
		447B744E1BBC1A2D000CBE8F /* MarketTrak.app */ = {isa = PBXFileReference; explicitFileType = wrapper.application; includeInIndex = 0; path = MarketTrak.app; sourceTree = BUILT_PRODUCTS_DIR; };
		447B74511BBC1A2D000CBE8F /* AppDelegate.swift */ = {isa = PBXFileReference; lastKnownFileType = sourcecode.swift; path = AppDelegate.swift; sourceTree = "<group>"; };
		447B74531BBC1A2D000CBE8F /* MTHomeViewController.swift */ = {isa = PBXFileReference; lastKnownFileType = sourcecode.swift; path = MTHomeViewController.swift; sourceTree = "<group>"; };
		447B74581BBC1A2D000CBE8F /* Assets.xcassets */ = {isa = PBXFileReference; lastKnownFileType = folder.assetcatalog; path = Assets.xcassets; sourceTree = "<group>"; };
		447B745B1BBC1A2D000CBE8F /* Base */ = {isa = PBXFileReference; lastKnownFileType = file.storyboard; name = Base; path = Base.lproj/LaunchScreen.storyboard; sourceTree = "<group>"; };
		447B745D1BBC1A2D000CBE8F /* Info.plist */ = {isa = PBXFileReference; lastKnownFileType = text.plist.xml; path = Info.plist; sourceTree = "<group>"; };
		447B74621BBC1A2D000CBE8F /* MarketTrakTests.xctest */ = {isa = PBXFileReference; explicitFileType = wrapper.cfbundle; includeInIndex = 0; path = MarketTrakTests.xctest; sourceTree = BUILT_PRODUCTS_DIR; };
		447B74661BBC1A2D000CBE8F /* MarketTrakTests.swift */ = {isa = PBXFileReference; lastKnownFileType = sourcecode.swift; path = MarketTrakTests.swift; sourceTree = "<group>"; };
		447B74681BBC1A2D000CBE8F /* Info.plist */ = {isa = PBXFileReference; lastKnownFileType = text.plist.xml; path = Info.plist; sourceTree = "<group>"; };
		447B746D1BBC1A2D000CBE8F /* MarketTrakUITests.xctest */ = {isa = PBXFileReference; explicitFileType = wrapper.cfbundle; includeInIndex = 0; path = MarketTrakUITests.xctest; sourceTree = BUILT_PRODUCTS_DIR; };
		447B74711BBC1A2D000CBE8F /* MarketTrakUITests.swift */ = {isa = PBXFileReference; lastKnownFileType = sourcecode.swift; path = MarketTrakUITests.swift; sourceTree = "<group>"; };
		447B74731BBC1A2D000CBE8F /* Info.plist */ = {isa = PBXFileReference; lastKnownFileType = text.plist.xml; path = Info.plist; sourceTree = "<group>"; };
		447B747F1BBC1B3F000CBE8F /* Podfile */ = {isa = PBXFileReference; fileEncoding = 4; lastKnownFileType = text; path = Podfile; sourceTree = SOURCE_ROOT; xcLanguageSpecificationIdentifier = xcode.lang.ruby; };
		447D29041CB0D49400A7B718 /* MTResultViewController.swift */ = {isa = PBXFileReference; fileEncoding = 4; lastKnownFileType = sourcecode.swift; path = MTResultViewController.swift; sourceTree = "<group>"; };
		447FCE3C1CB9095300FBF2CD /* MTItemTitleCell.swift */ = {isa = PBXFileReference; fileEncoding = 4; lastKnownFileType = sourcecode.swift; path = MTItemTitleCell.swift; sourceTree = "<group>"; };
		4485AF241C029E3B00C56489 /* MTTintTextField.swift */ = {isa = PBXFileReference; fileEncoding = 4; lastKnownFileType = sourcecode.swift; path = MTTintTextField.swift; sourceTree = "<group>"; };
		448B27161CC363F600ABCD8E /* MarketFilters.json */ = {isa = PBXFileReference; fileEncoding = 4; lastKnownFileType = text.json; path = MarketFilters.json; sourceTree = "<group>"; };
		449723701C347FE8001EAD1A /* Filter.swift */ = {isa = PBXFileReference; fileEncoding = 4; lastKnownFileType = sourcecode.swift; path = Filter.swift; sourceTree = "<group>"; };
		44A563611C2AA8CE00BB3F1A /* libsqlite3.dylib */ = {isa = PBXFileReference; lastKnownFileType = "compiled.mach-o.dylib"; name = libsqlite3.dylib; path = ../../../../../usr/lib/libsqlite3.dylib; sourceTree = "<group>"; };
		44A563621C2AA8CE00BB3F1A /* libz.1.dylib */ = {isa = PBXFileReference; lastKnownFileType = "compiled.mach-o.dylib"; name = libz.1.dylib; path = ../../../../../usr/lib/libz.1.dylib; sourceTree = "<group>"; };
		44BD40451C78B98D001C0F83 /* MTTabBarController.swift */ = {isa = PBXFileReference; fileEncoding = 4; lastKnownFileType = sourcecode.swift; path = MTTabBarController.swift; sourceTree = "<group>"; };
		44D428BA1C2E278500876859 /* MTCoreDataCommunicator.swift */ = {isa = PBXFileReference; fileEncoding = 4; lastKnownFileType = sourcecode.swift; path = MTCoreDataCommunicator.swift; sourceTree = "<group>"; };
		44D428BD1C2E3EB000876859 /* MarketTrak.xcdatamodel */ = {isa = PBXFileReference; lastKnownFileType = wrapper.xcdatamodel; path = MarketTrak.xcdatamodel; sourceTree = "<group>"; };
		44DBD98F1BE4F2F900865733 /* UIColor+MarketTrak.swift */ = {isa = PBXFileReference; fileEncoding = 4; lastKnownFileType = sourcecode.swift; path = "UIColor+MarketTrak.swift"; sourceTree = "<group>"; };
		44DE45F51C6793A600382D7B /* Weapon.swift */ = {isa = PBXFileReference; fileEncoding = 4; lastKnownFileType = sourcecode.swift; path = Weapon.swift; sourceTree = "<group>"; };
		44E1008B1C14268E0011E3A3 /* MTSearchFilterDataSource.swift */ = {isa = PBXFileReference; fileEncoding = 4; lastKnownFileType = sourcecode.swift; path = MTSearchFilterDataSource.swift; sourceTree = "<group>"; };
		44E72C2B1BC1650000C57F4D /* MTItem.swift */ = {isa = PBXFileReference; fileEncoding = 4; lastKnownFileType = sourcecode.swift; path = MTItem.swift; sourceTree = "<group>"; };
		44ED167B1C1092670006B85C /* MTFilterCell.swift */ = {isa = PBXFileReference; fileEncoding = 4; lastKnownFileType = sourcecode.swift; path = MTFilterCell.swift; sourceTree = "<group>"; };
		44F188BB1CBA3EC60072404C /* MTCollectionListViewController.swift */ = {isa = PBXFileReference; fileEncoding = 4; lastKnownFileType = sourcecode.swift; path = MTCollectionListViewController.swift; sourceTree = "<group>"; };
		E78C48C2B6CB9C1585F2482A /* Pods-MarketTrak.debug.xcconfig */ = {isa = PBXFileReference; includeInIndex = 1; lastKnownFileType = text.xcconfig; name = "Pods-MarketTrak.debug.xcconfig"; path = "Pods/Target Support Files/Pods-MarketTrak/Pods-MarketTrak.debug.xcconfig"; sourceTree = "<group>"; };
/* End PBXFileReference section */

/* Begin PBXFrameworksBuildPhase section */
		447B744B1BBC1A2D000CBE8F /* Frameworks */ = {
			isa = PBXFrameworksBuildPhase;
			buildActionMask = 2147483647;
			files = (
				44A563631C2AA8CE00BB3F1A /* libsqlite3.dylib in Frameworks */,
				44A563641C2AA8CE00BB3F1A /* libz.1.dylib in Frameworks */,
				82DC2D8DD4475BDDBBC87813 /* Pods_MarketTrak.framework in Frameworks */,
			);
			runOnlyForDeploymentPostprocessing = 0;
		};
		447B745F1BBC1A2D000CBE8F /* Frameworks */ = {
			isa = PBXFrameworksBuildPhase;
			buildActionMask = 2147483647;
			files = (
			);
			runOnlyForDeploymentPostprocessing = 0;
		};
		447B746A1BBC1A2D000CBE8F /* Frameworks */ = {
			isa = PBXFrameworksBuildPhase;
			buildActionMask = 2147483647;
			files = (
			);
			runOnlyForDeploymentPostprocessing = 0;
		};
/* End PBXFrameworksBuildPhase section */

/* Begin PBXGroup section */
		1C5F19EF299AA0D66A83585A /* Pods */ = {
			isa = PBXGroup;
			children = (
				E78C48C2B6CB9C1585F2482A /* Pods-MarketTrak.debug.xcconfig */,
				3CBD2D3AAD73541F3840C55B /* Pods-MarketTrak.release.xcconfig */,
			);
			name = Pods;
			sourceTree = "<group>";
		};
		440708F51BBEC8E60066D5E9 /* Models */ = {
			isa = PBXGroup;
			children = (
				445F2D0B1C35218100C5995B /* Filters */,
				446977741C39168300B152BA /* Core Data */,
				44D428BA1C2E278500876859 /* MTCoreDataCommunicator.swift */,
				440504B21BC002D0008893DC /* MTSearch.swift */,
				44584D401BC685BB00BD5FAA /* MTSteamMarketCommunicator.swift */,
				440708F61BBEC95C0066D5E9 /* MTTypes.swift */,
			);
			name = Models;
			sourceTree = "<group>";
		};
		440A42851C829491009A9633 /* Settings */ = {
			isa = PBXGroup;
			children = (
				440A42831C81FB27009A9633 /* MTSettingsViewController.swift */,
			);
			name = Settings;
			sourceTree = "<group>";
		};
		442A1B8C1BC8CBA000035B9E /* Views */ = {
			isa = PBXGroup;
			children = (
				442172CD1CCCD295007E2ED2 /* MTViewController.swift */,
				44BD40451C78B98D001C0F83 /* MTTabBarController.swift */,
				4453100D1BEE2D9F001E79E0 /* MTNavigationViewController.swift */,
				440A42851C829491009A9633 /* Settings */,
				4453100C1BEE2B91001E79E0 /* Inventory */,
				44F188BD1CBA3EE70072404C /* Collection */,
				445D89721C8DDF190010D0C0 /* Item */,
				445310071BEE2788001E79E0 /* Home */,
				447D29061CB0D4A800A7B718 /* Browse */,
				445310081BEE2794001E79E0 /* WatchList */,
			);
			name = Views;
			sourceTree = "<group>";
		};
		445310071BEE2788001E79E0 /* Home */ = {
			isa = PBXGroup;
			children = (
				4485AF241C029E3B00C56489 /* MTTintTextField.swift */,
				442A1B8D1BC8CBFF00035B9E /* MTSearchResultCell.swift */,
				44ED167B1C1092670006B85C /* MTFilterCell.swift */,
				447B74531BBC1A2D000CBE8F /* MTHomeViewController.swift */,
			);
			name = Home;
			sourceTree = "<group>";
		};
		445310081BEE2794001E79E0 /* WatchList */ = {
			isa = PBXGroup;
			children = (
				445310051BEE275C001E79E0 /* MTWatchListViewController.swift */,
			);
			name = WatchList;
			sourceTree = "<group>";
		};
		445310091BEE279E001E79E0 /* Utils */ = {
			isa = PBXGroup;
			children = (
				44DBD98F1BE4F2F900865733 /* UIColor+MarketTrak.swift */,
			);
			name = Utils;
			sourceTree = "<group>";
		};
		4453100C1BEE2B91001E79E0 /* Inventory */ = {
			isa = PBXGroup;
			children = (
				4453100A1BEE2B89001E79E0 /* MTInventoryViewController.swift */,
			);
			name = Inventory;
			sourceTree = "<group>";
		};
		445D89721C8DDF190010D0C0 /* Item */ = {
			isa = PBXGroup;
			children = (
				445D897D1C8DDFA40010D0C0 /* MTItemCollectionCell.swift */,
				44E72C2B1BC1650000C57F4D /* MTItem.swift */,
				445D89731C8DDF310010D0C0 /* MTItemDescriptionCell.swift */,
				445D89741C8DDF310010D0C0 /* MTItemWearCell.swift */,
				445D89751C8DDF310010D0C0 /* MTItemWatchCell.swift */,
				445D89761C8DDF310010D0C0 /* MTItemImageHeaderView.swift */,
				447FCE3C1CB9095300FBF2CD /* MTItemTitleCell.swift */,
				440E9FAD1BC9ECBB00089E02 /* MTItemViewController.swift */,
			);
			name = Item;
			sourceTree = "<group>";
		};
		445F2D0B1C35218100C5995B /* Filters */ = {
			isa = PBXGroup;
			children = (
				440FAEA31C349FB000BA2E39 /* MTFilter.swift */,
				445F2D091C35216C00C5995B /* MTFilterOption.swift */,
				449723701C347FE8001EAD1A /* Filter.swift */,
				44E1008B1C14268E0011E3A3 /* MTSearchFilterDataSource.swift */,
			);
			name = Filters;
			sourceTree = "<group>";
		};
		4466CEEA1CB55A44003BDB50 /* Resources */ = {
			isa = PBXGroup;
			children = (
				448B27161CC363F600ABCD8E /* MarketFilters.json */,
				447B745A1BBC1A2D000CBE8F /* LaunchScreen.storyboard */,
				447B745D1BBC1A2D000CBE8F /* Info.plist */,
				447B747F1BBC1B3F000CBE8F /* Podfile */,
				44D428BC1C2E3EB000876859 /* MarketTrak.xcdatamodeld */,
				447B74581BBC1A2D000CBE8F /* Assets.xcassets */,
				4466CEEB1CB55A51003BDB50 /* MarketTrak.sqlite */,
			);
			name = Resources;
			sourceTree = "<group>";
		};
		446977741C39168300B152BA /* Core Data */ = {
			isa = PBXGroup;
			children = (
				44DE45F51C6793A600382D7B /* Weapon.swift */,
				4426DDE21C659F9A008F8BF2 /* Container.swift */,
				4426DDE31C659F9A008F8BF2 /* Sticker.swift */,
				4426DDE51C659F9A008F8BF2 /* Tag.swift */,
				4426DDE61C659F9A008F8BF2 /* Gift.swift */,
				4426DDE71C659F9A008F8BF2 /* MusicKit.swift */,
				4426DDE91C659F9A008F8BF2 /* Tool.swift */,
				4426DDEA1C659F9A008F8BF2 /* Key.swift */,
				4426DDEB1C659F9A008F8BF2 /* Pass.swift */,
			);
			name = "Core Data";
			sourceTree = "<group>";
		};
		447B74451BBC1A2D000CBE8F = {
			isa = PBXGroup;
			children = (
				447B74501BBC1A2D000CBE8F /* MarketTrak */,
				447B74651BBC1A2D000CBE8F /* MarketTrakTests */,
				447B74701BBC1A2D000CBE8F /* MarketTrakUITests */,
				447B744F1BBC1A2D000CBE8F /* Products */,
				1C5F19EF299AA0D66A83585A /* Pods */,
				75465DE0FD9244A9E12B3E85 /* Frameworks */,
			);
			sourceTree = "<group>";
		};
		447B744F1BBC1A2D000CBE8F /* Products */ = {
			isa = PBXGroup;
			children = (
				447B744E1BBC1A2D000CBE8F /* MarketTrak.app */,
				447B74621BBC1A2D000CBE8F /* MarketTrakTests.xctest */,
				447B746D1BBC1A2D000CBE8F /* MarketTrakUITests.xctest */,
			);
			name = Products;
			sourceTree = "<group>";
		};
		447B74501BBC1A2D000CBE8F /* MarketTrak */ = {
			isa = PBXGroup;
			children = (
				445310091BEE279E001E79E0 /* Utils */,
				442A1B8C1BC8CBA000035B9E /* Views */,
				440708F51BBEC8E60066D5E9 /* Models */,
				447B74511BBC1A2D000CBE8F /* AppDelegate.swift */,
				4466CEEA1CB55A44003BDB50 /* Resources */,
			);
			path = MarketTrak;
			sourceTree = "<group>";
		};
		447B74651BBC1A2D000CBE8F /* MarketTrakTests */ = {
			isa = PBXGroup;
			children = (
				447B74661BBC1A2D000CBE8F /* MarketTrakTests.swift */,
				447B74681BBC1A2D000CBE8F /* Info.plist */,
			);
			path = MarketTrakTests;
			sourceTree = "<group>";
		};
		447B74701BBC1A2D000CBE8F /* MarketTrakUITests */ = {
			isa = PBXGroup;
			children = (
				447B74711BBC1A2D000CBE8F /* MarketTrakUITests.swift */,
				447B74731BBC1A2D000CBE8F /* Info.plist */,
			);
			path = MarketTrakUITests;
			sourceTree = "<group>";
		};
		447D29061CB0D4A800A7B718 /* Browse */ = {
			isa = PBXGroup;
			children = (
				441B2FBD1CC3615D00F90E08 /* MTBrowseDataSource.swift */,
				447D29041CB0D49400A7B718 /* MTResultViewController.swift */,
				441B2FBB1CC35DE200F90E08 /* MTBrowseViewController.swift */,
			);
			name = Browse;
			sourceTree = "<group>";
		};
		44F188BD1CBA3EE70072404C /* Collection */ = {
			isa = PBXGroup;
			children = (
				44F188BB1CBA3EC60072404C /* MTCollectionListViewController.swift */,
			);
			name = Collection;
			sourceTree = "<group>";
		};
		75465DE0FD9244A9E12B3E85 /* Frameworks */ = {
			isa = PBXGroup;
			children = (
				44A563611C2AA8CE00BB3F1A /* libsqlite3.dylib */,
				44A563621C2AA8CE00BB3F1A /* libz.1.dylib */,
				32D2C390EE38B7862DC80DE3 /* Pods_MarketTrak.framework */,
			);
			name = Frameworks;
			sourceTree = "<group>";
		};
/* End PBXGroup section */

/* Begin PBXNativeTarget section */
		447B744D1BBC1A2D000CBE8F /* MarketTrak */ = {
			isa = PBXNativeTarget;
			buildConfigurationList = 447B74761BBC1A2D000CBE8F /* Build configuration list for PBXNativeTarget "MarketTrak" */;
			buildPhases = (
				C130B66DD4CC8FD0C803D634 /* Check Pods Manifest.lock */,
				447B744A1BBC1A2D000CBE8F /* Sources */,
				447B744B1BBC1A2D000CBE8F /* Frameworks */,
				447B744C1BBC1A2D000CBE8F /* Resources */,
				7288740834C5D394F38D9AD9 /* Embed Pods Frameworks */,
				D8CBC804787C14B2B08A596C /* Copy Pods Resources */,
			);
			buildRules = (
			);
			dependencies = (
			);
			name = MarketTrak;
			productName = MarketTrak;
			productReference = 447B744E1BBC1A2D000CBE8F /* MarketTrak.app */;
			productType = "com.apple.product-type.application";
		};
		447B74611BBC1A2D000CBE8F /* MarketTrakTests */ = {
			isa = PBXNativeTarget;
			buildConfigurationList = 447B74791BBC1A2D000CBE8F /* Build configuration list for PBXNativeTarget "MarketTrakTests" */;
			buildPhases = (
				447B745E1BBC1A2D000CBE8F /* Sources */,
				447B745F1BBC1A2D000CBE8F /* Frameworks */,
				447B74601BBC1A2D000CBE8F /* Resources */,
			);
			buildRules = (
			);
			dependencies = (
				447B74641BBC1A2D000CBE8F /* PBXTargetDependency */,
			);
			name = MarketTrakTests;
			productName = MarketTrakTests;
			productReference = 447B74621BBC1A2D000CBE8F /* MarketTrakTests.xctest */;
			productType = "com.apple.product-type.bundle.unit-test";
		};
		447B746C1BBC1A2D000CBE8F /* MarketTrakUITests */ = {
			isa = PBXNativeTarget;
			buildConfigurationList = 447B747C1BBC1A2D000CBE8F /* Build configuration list for PBXNativeTarget "MarketTrakUITests" */;
			buildPhases = (
				447B74691BBC1A2D000CBE8F /* Sources */,
				447B746A1BBC1A2D000CBE8F /* Frameworks */,
				447B746B1BBC1A2D000CBE8F /* Resources */,
			);
			buildRules = (
			);
			dependencies = (
				447B746F1BBC1A2D000CBE8F /* PBXTargetDependency */,
			);
			name = MarketTrakUITests;
			productName = MarketTrakUITests;
			productReference = 447B746D1BBC1A2D000CBE8F /* MarketTrakUITests.xctest */;
			productType = "com.apple.product-type.bundle.ui-testing";
		};
/* End PBXNativeTarget section */

/* Begin PBXProject section */
		447B74461BBC1A2D000CBE8F /* Project object */ = {
			isa = PBXProject;
			attributes = {
				LastSwiftUpdateCheck = 0730;
				LastUpgradeCheck = 0700;
				ORGANIZATIONNAME = "Jonathon Toon";
				TargetAttributes = {
					447B744D1BBC1A2D000CBE8F = {
						CreatedOnToolsVersion = 7.0;
						DevelopmentTeam = 9WC975BSP9;
					};
					447B74611BBC1A2D000CBE8F = {
						CreatedOnToolsVersion = 7.0;
						TestTargetID = 447B744D1BBC1A2D000CBE8F;
					};
					447B746C1BBC1A2D000CBE8F = {
						CreatedOnToolsVersion = 7.0;
						TestTargetID = 447B744D1BBC1A2D000CBE8F;
					};
				};
			};
			buildConfigurationList = 447B74491BBC1A2D000CBE8F /* Build configuration list for PBXProject "MarketTrak" */;
			compatibilityVersion = "Xcode 3.2";
			developmentRegion = English;
			hasScannedForEncodings = 0;
			knownRegions = (
				en,
				Base,
			);
			mainGroup = 447B74451BBC1A2D000CBE8F;
			productRefGroup = 447B744F1BBC1A2D000CBE8F /* Products */;
			projectDirPath = "";
			projectRoot = "";
			targets = (
				447B744D1BBC1A2D000CBE8F /* MarketTrak */,
				447B74611BBC1A2D000CBE8F /* MarketTrakTests */,
				447B746C1BBC1A2D000CBE8F /* MarketTrakUITests */,
			);
		};
/* End PBXProject section */

/* Begin PBXResourcesBuildPhase section */
		447B744C1BBC1A2D000CBE8F /* Resources */ = {
			isa = PBXResourcesBuildPhase;
			buildActionMask = 2147483647;
			files = (
				4466CEEC1CB56A9A003BDB50 /* MarketTrak.sqlite in Resources */,
				448B27171CC363F600ABCD8E /* MarketFilters.json in Resources */,
				447B745C1BBC1A2D000CBE8F /* LaunchScreen.storyboard in Resources */,
				447B74591BBC1A2D000CBE8F /* Assets.xcassets in Resources */,
				447B74801BBC1B3F000CBE8F /* Podfile in Resources */,
			);
			runOnlyForDeploymentPostprocessing = 0;
		};
		447B74601BBC1A2D000CBE8F /* Resources */ = {
			isa = PBXResourcesBuildPhase;
			buildActionMask = 2147483647;
			files = (
			);
			runOnlyForDeploymentPostprocessing = 0;
		};
		447B746B1BBC1A2D000CBE8F /* Resources */ = {
			isa = PBXResourcesBuildPhase;
			buildActionMask = 2147483647;
			files = (
			);
			runOnlyForDeploymentPostprocessing = 0;
		};
/* End PBXResourcesBuildPhase section */

/* Begin PBXShellScriptBuildPhase section */
		7288740834C5D394F38D9AD9 /* Embed Pods Frameworks */ = {
			isa = PBXShellScriptBuildPhase;
			buildActionMask = 2147483647;
			files = (
			);
			inputPaths = (
			);
			name = "Embed Pods Frameworks";
			outputPaths = (
			);
			runOnlyForDeploymentPostprocessing = 0;
			shellPath = /bin/sh;
			shellScript = "\"${SRCROOT}/Pods/Target Support Files/Pods-MarketTrak/Pods-MarketTrak-frameworks.sh\"\n";
			showEnvVarsInLog = 0;
		};
		C130B66DD4CC8FD0C803D634 /* Check Pods Manifest.lock */ = {
			isa = PBXShellScriptBuildPhase;
			buildActionMask = 2147483647;
			files = (
			);
			inputPaths = (
			);
			name = "Check Pods Manifest.lock";
			outputPaths = (
			);
			runOnlyForDeploymentPostprocessing = 0;
			shellPath = /bin/sh;
			shellScript = "diff \"${PODS_ROOT}/../Podfile.lock\" \"${PODS_ROOT}/Manifest.lock\" > /dev/null\nif [[ $? != 0 ]] ; then\n    cat << EOM\nerror: The sandbox is not in sync with the Podfile.lock. Run 'pod install' or update your CocoaPods installation.\nEOM\n    exit 1\nfi\n";
			showEnvVarsInLog = 0;
		};
		D8CBC804787C14B2B08A596C /* Copy Pods Resources */ = {
			isa = PBXShellScriptBuildPhase;
			buildActionMask = 2147483647;
			files = (
			);
			inputPaths = (
			);
			name = "Copy Pods Resources";
			outputPaths = (
			);
			runOnlyForDeploymentPostprocessing = 0;
			shellPath = /bin/sh;
			shellScript = "\"${SRCROOT}/Pods/Target Support Files/Pods-MarketTrak/Pods-MarketTrak-resources.sh\"\n";
			showEnvVarsInLog = 0;
		};
/* End PBXShellScriptBuildPhase section */

/* Begin PBXSourcesBuildPhase section */
		447B744A1BBC1A2D000CBE8F /* Sources */ = {
			isa = PBXSourcesBuildPhase;
			buildActionMask = 2147483647;
			files = (
				4453100B1BEE2B89001E79E0 /* MTInventoryViewController.swift in Sources */,
				449723711C347FE8001EAD1A /* Filter.swift in Sources */,
				440A42841C81FB27009A9633 /* MTSettingsViewController.swift in Sources */,
				442A1B8E1BC8CBFF00035B9E /* MTSearchResultCell.swift in Sources */,
				44D428BB1C2E278500876859 /* MTCoreDataCommunicator.swift in Sources */,
				445D89791C8DDF310010D0C0 /* MTItemWatchCell.swift in Sources */,
				44BD40461C78B98D001C0F83 /* MTTabBarController.swift in Sources */,
				44DE45F71C6793A600382D7B /* Weapon.swift in Sources */,
				4426DDF51C659F9A008F8BF2 /* Pass.swift in Sources */,
				445D897A1C8DDF310010D0C0 /* MTItemImageHeaderView.swift in Sources */,
				44ED167C1C1092670006B85C /* MTFilterCell.swift in Sources */,
				447B74541BBC1A2D000CBE8F /* MTHomeViewController.swift in Sources */,
				445D89771C8DDF310010D0C0 /* MTItemDescriptionCell.swift in Sources */,
				4426DDEF1C659F9A008F8BF2 /* Tag.swift in Sources */,
				447FCE3D1CB9095300FBF2CD /* MTItemTitleCell.swift in Sources */,
				445310061BEE275C001E79E0 /* MTWatchListViewController.swift in Sources */,
				440FAEA41C349FB000BA2E39 /* MTFilter.swift in Sources */,
				4426DDF41C659F9A008F8BF2 /* Key.swift in Sources */,
				44F188BC1CBA3EC60072404C /* MTCollectionListViewController.swift in Sources */,
				4426DDEC1C659F9A008F8BF2 /* Container.swift in Sources */,
				44D428BE1C2E3EB000876859 /* MarketTrak.xcdatamodeld in Sources */,
				44E1008C1C14268E0011E3A3 /* MTSearchFilterDataSource.swift in Sources */,
				4426DDF11C659F9A008F8BF2 /* MusicKit.swift in Sources */,
				445D89781C8DDF310010D0C0 /* MTItemWearCell.swift in Sources */,
				4453100E1BEE2D9F001E79E0 /* MTNavigationViewController.swift in Sources */,
				44E72C2C1BC1650000C57F4D /* MTItem.swift in Sources */,
				440708F71BBEC95C0066D5E9 /* MTTypes.swift in Sources */,
				44584D411BC685BB00BD5FAA /* MTSteamMarketCommunicator.swift in Sources */,
				445F2D0A1C35216C00C5995B /* MTFilterOption.swift in Sources */,
				441B2FBE1CC3615D00F90E08 /* MTBrowseDataSource.swift in Sources */,
				4426DDED1C659F9A008F8BF2 /* Sticker.swift in Sources */,
				4426DDF31C659F9A008F8BF2 /* Tool.swift in Sources */,
				4426DDF01C659F9A008F8BF2 /* Gift.swift in Sources */,
				447D29051CB0D49400A7B718 /* MTResultViewController.swift in Sources */,
				441B2FBC1CC35DE200F90E08 /* MTBrowseViewController.swift in Sources */,
				442172CE1CCCD295007E2ED2 /* MTViewController.swift in Sources */,
				447B74521BBC1A2D000CBE8F /* AppDelegate.swift in Sources */,
				440504B31BC002D0008893DC /* MTSearch.swift in Sources */,
				440E9FAE1BC9ECBB00089E02 /* MTItemViewController.swift in Sources */,
				445D897E1C8DDFA40010D0C0 /* MTItemCollectionCell.swift in Sources */,
				44DBD9901BE4F2F900865733 /* UIColor+MarketTrak.swift in Sources */,
				4485AF251C029E3B00C56489 /* MTTintTextField.swift in Sources */,
			);
			runOnlyForDeploymentPostprocessing = 0;
		};
		447B745E1BBC1A2D000CBE8F /* Sources */ = {
			isa = PBXSourcesBuildPhase;
			buildActionMask = 2147483647;
			files = (
				447B74671BBC1A2D000CBE8F /* MarketTrakTests.swift in Sources */,
			);
			runOnlyForDeploymentPostprocessing = 0;
		};
		447B74691BBC1A2D000CBE8F /* Sources */ = {
			isa = PBXSourcesBuildPhase;
			buildActionMask = 2147483647;
			files = (
				447B74721BBC1A2D000CBE8F /* MarketTrakUITests.swift in Sources */,
			);
			runOnlyForDeploymentPostprocessing = 0;
		};
/* End PBXSourcesBuildPhase section */

/* Begin PBXTargetDependency section */
		447B74641BBC1A2D000CBE8F /* PBXTargetDependency */ = {
			isa = PBXTargetDependency;
			target = 447B744D1BBC1A2D000CBE8F /* MarketTrak */;
			targetProxy = 447B74631BBC1A2D000CBE8F /* PBXContainerItemProxy */;
		};
		447B746F1BBC1A2D000CBE8F /* PBXTargetDependency */ = {
			isa = PBXTargetDependency;
			target = 447B744D1BBC1A2D000CBE8F /* MarketTrak */;
			targetProxy = 447B746E1BBC1A2D000CBE8F /* PBXContainerItemProxy */;
		};
/* End PBXTargetDependency section */

/* Begin PBXVariantGroup section */
		447B745A1BBC1A2D000CBE8F /* LaunchScreen.storyboard */ = {
			isa = PBXVariantGroup;
			children = (
				447B745B1BBC1A2D000CBE8F /* Base */,
			);
			name = LaunchScreen.storyboard;
			sourceTree = "<group>";
		};
/* End PBXVariantGroup section */

/* Begin XCBuildConfiguration section */
		447B74741BBC1A2D000CBE8F /* Debug */ = {
			isa = XCBuildConfiguration;
			buildSettings = {
				ALWAYS_SEARCH_USER_PATHS = NO;
				CLANG_CXX_LANGUAGE_STANDARD = "gnu++0x";
				CLANG_CXX_LIBRARY = "libc++";
				CLANG_ENABLE_MODULES = YES;
				CLANG_ENABLE_OBJC_ARC = YES;
				CLANG_WARN_BOOL_CONVERSION = YES;
				CLANG_WARN_CONSTANT_CONVERSION = YES;
				CLANG_WARN_DIRECT_OBJC_ISA_USAGE = YES_ERROR;
				CLANG_WARN_EMPTY_BODY = YES;
				CLANG_WARN_ENUM_CONVERSION = YES;
				CLANG_WARN_INT_CONVERSION = YES;
				CLANG_WARN_OBJC_ROOT_CLASS = YES_ERROR;
				CLANG_WARN_UNREACHABLE_CODE = YES;
				CLANG_WARN__DUPLICATE_METHOD_MATCH = YES;
				"CODE_SIGN_IDENTITY[sdk=iphoneos*]" = "iPhone Developer";
				COPY_PHASE_STRIP = NO;
				DEBUG_INFORMATION_FORMAT = dwarf;
				ENABLE_STRICT_OBJC_MSGSEND = YES;
				ENABLE_TESTABILITY = YES;
				GCC_C_LANGUAGE_STANDARD = gnu99;
				GCC_DYNAMIC_NO_PIC = NO;
				GCC_NO_COMMON_BLOCKS = YES;
				GCC_OPTIMIZATION_LEVEL = 0;
				GCC_PREPROCESSOR_DEFINITIONS = (
					"DEBUG=1",
					"$(inherited)",
				);
				GCC_WARN_64_TO_32_BIT_CONVERSION = YES;
				GCC_WARN_ABOUT_RETURN_TYPE = YES_ERROR;
				GCC_WARN_UNDECLARED_SELECTOR = YES;
				GCC_WARN_UNINITIALIZED_AUTOS = YES_AGGRESSIVE;
				GCC_WARN_UNUSED_FUNCTION = YES;
				GCC_WARN_UNUSED_VARIABLE = YES;
				IPHONEOS_DEPLOYMENT_TARGET = 8.2;
				MTL_ENABLE_DEBUG_INFO = YES;
				ONLY_ACTIVE_ARCH = YES;
				SDKROOT = iphoneos;
				SWIFT_OPTIMIZATION_LEVEL = "-Onone";
			};
			name = Debug;
		};
		447B74751BBC1A2D000CBE8F /* Release */ = {
			isa = XCBuildConfiguration;
			buildSettings = {
				ALWAYS_SEARCH_USER_PATHS = NO;
				CLANG_CXX_LANGUAGE_STANDARD = "gnu++0x";
				CLANG_CXX_LIBRARY = "libc++";
				CLANG_ENABLE_MODULES = YES;
				CLANG_ENABLE_OBJC_ARC = YES;
				CLANG_WARN_BOOL_CONVERSION = YES;
				CLANG_WARN_CONSTANT_CONVERSION = YES;
				CLANG_WARN_DIRECT_OBJC_ISA_USAGE = YES_ERROR;
				CLANG_WARN_EMPTY_BODY = YES;
				CLANG_WARN_ENUM_CONVERSION = YES;
				CLANG_WARN_INT_CONVERSION = YES;
				CLANG_WARN_OBJC_ROOT_CLASS = YES_ERROR;
				CLANG_WARN_UNREACHABLE_CODE = YES;
				CLANG_WARN__DUPLICATE_METHOD_MATCH = YES;
				"CODE_SIGN_IDENTITY[sdk=iphoneos*]" = "iPhone Developer";
				COPY_PHASE_STRIP = NO;
				DEBUG_INFORMATION_FORMAT = "dwarf-with-dsym";
				ENABLE_NS_ASSERTIONS = NO;
				ENABLE_STRICT_OBJC_MSGSEND = YES;
				GCC_C_LANGUAGE_STANDARD = gnu99;
				GCC_NO_COMMON_BLOCKS = YES;
				GCC_WARN_64_TO_32_BIT_CONVERSION = YES;
				GCC_WARN_ABOUT_RETURN_TYPE = YES_ERROR;
				GCC_WARN_UNDECLARED_SELECTOR = YES;
				GCC_WARN_UNINITIALIZED_AUTOS = YES_AGGRESSIVE;
				GCC_WARN_UNUSED_FUNCTION = YES;
				GCC_WARN_UNUSED_VARIABLE = YES;
				IPHONEOS_DEPLOYMENT_TARGET = 8.2;
				MTL_ENABLE_DEBUG_INFO = NO;
				SDKROOT = iphoneos;
				VALIDATE_PRODUCT = YES;
			};
			name = Release;
		};
		447B74771BBC1A2D000CBE8F /* Debug */ = {
			isa = XCBuildConfiguration;
			baseConfigurationReference = E78C48C2B6CB9C1585F2482A /* Pods-MarketTrak.debug.xcconfig */;
			buildSettings = {
				ASSETCATALOG_COMPILER_APPICON_NAME = AppIcon;
				CLANG_ENABLE_MODULES = YES;
				CODE_SIGN_IDENTITY = "iPhone Developer";
				INFOPLIST_FILE = MarketTrak/Info.plist;
				IPHONEOS_DEPLOYMENT_TARGET = 8.3;
				LD_RUNPATH_SEARCH_PATHS = "$(inherited) @executable_path/Frameworks";
				PRODUCT_BUNDLE_IDENTIFIER = "Jonathon-Toon.MarketTrak";
				PRODUCT_NAME = "$(TARGET_NAME)";
				SWIFT_OBJC_BRIDGING_HEADER = "";
				SWIFT_OPTIMIZATION_LEVEL = "-Onone";
			};
			name = Debug;
		};
		447B74781BBC1A2D000CBE8F /* Release */ = {
			isa = XCBuildConfiguration;
			baseConfigurationReference = 3CBD2D3AAD73541F3840C55B /* Pods-MarketTrak.release.xcconfig */;
			buildSettings = {
				ASSETCATALOG_COMPILER_APPICON_NAME = AppIcon;
				CLANG_ENABLE_MODULES = YES;
				CODE_SIGN_IDENTITY = "iPhone Developer";
				INFOPLIST_FILE = MarketTrak/Info.plist;
				IPHONEOS_DEPLOYMENT_TARGET = 8.3;
				LD_RUNPATH_SEARCH_PATHS = "$(inherited) @executable_path/Frameworks";
				PRODUCT_BUNDLE_IDENTIFIER = "Jonathon-Toon.MarketTrak";
				PRODUCT_NAME = "$(TARGET_NAME)";
				SWIFT_OBJC_BRIDGING_HEADER = "";
			};
			name = Release;
		};
		447B747A1BBC1A2D000CBE8F /* Debug */ = {
			isa = XCBuildConfiguration;
			buildSettings = {
				BUNDLE_LOADER = "$(TEST_HOST)";
				INFOPLIST_FILE = MarketTrakTests/Info.plist;
				LD_RUNPATH_SEARCH_PATHS = "$(inherited) @executable_path/Frameworks @loader_path/Frameworks";
				PRODUCT_BUNDLE_IDENTIFIER = "Jonathon-Toon.MarketTrakTests";
				PRODUCT_NAME = "$(TARGET_NAME)";
				TEST_HOST = "$(BUILT_PRODUCTS_DIR)/MarketTrak.app/MarketTrak";
			};
			name = Debug;
		};
		447B747B1BBC1A2D000CBE8F /* Release */ = {
			isa = XCBuildConfiguration;
			buildSettings = {
				BUNDLE_LOADER = "$(TEST_HOST)";
				INFOPLIST_FILE = MarketTrakTests/Info.plist;
				LD_RUNPATH_SEARCH_PATHS = "$(inherited) @executable_path/Frameworks @loader_path/Frameworks";
				PRODUCT_BUNDLE_IDENTIFIER = "Jonathon-Toon.MarketTrakTests";
				PRODUCT_NAME = "$(TARGET_NAME)";
				TEST_HOST = "$(BUILT_PRODUCTS_DIR)/MarketTrak.app/MarketTrak";
			};
			name = Release;
		};
		447B747D1BBC1A2D000CBE8F /* Debug */ = {
			isa = XCBuildConfiguration;
			buildSettings = {
				INFOPLIST_FILE = MarketTrakUITests/Info.plist;
				LD_RUNPATH_SEARCH_PATHS = "$(inherited) @executable_path/Frameworks @loader_path/Frameworks";
				PRODUCT_BUNDLE_IDENTIFIER = "Jonathon-Toon.MarketTrakUITests";
				PRODUCT_NAME = "$(TARGET_NAME)";
				TEST_TARGET_NAME = MarketTrak;
				USES_XCTRUNNER = YES;
			};
			name = Debug;
		};
		447B747E1BBC1A2D000CBE8F /* Release */ = {
			isa = XCBuildConfiguration;
			buildSettings = {
				INFOPLIST_FILE = MarketTrakUITests/Info.plist;
				LD_RUNPATH_SEARCH_PATHS = "$(inherited) @executable_path/Frameworks @loader_path/Frameworks";
				PRODUCT_BUNDLE_IDENTIFIER = "Jonathon-Toon.MarketTrakUITests";
				PRODUCT_NAME = "$(TARGET_NAME)";
				TEST_TARGET_NAME = MarketTrak;
				USES_XCTRUNNER = YES;
			};
			name = Release;
		};
/* End XCBuildConfiguration section */

/* Begin XCConfigurationList section */
		447B74491BBC1A2D000CBE8F /* Build configuration list for PBXProject "MarketTrak" */ = {
			isa = XCConfigurationList;
			buildConfigurations = (
				447B74741BBC1A2D000CBE8F /* Debug */,
				447B74751BBC1A2D000CBE8F /* Release */,
			);
			defaultConfigurationIsVisible = 0;
			defaultConfigurationName = Release;
		};
		447B74761BBC1A2D000CBE8F /* Build configuration list for PBXNativeTarget "MarketTrak" */ = {
			isa = XCConfigurationList;
			buildConfigurations = (
				447B74771BBC1A2D000CBE8F /* Debug */,
				447B74781BBC1A2D000CBE8F /* Release */,
			);
			defaultConfigurationIsVisible = 0;
			defaultConfigurationName = Release;
		};
		447B74791BBC1A2D000CBE8F /* Build configuration list for PBXNativeTarget "MarketTrakTests" */ = {
			isa = XCConfigurationList;
			buildConfigurations = (
				447B747A1BBC1A2D000CBE8F /* Debug */,
				447B747B1BBC1A2D000CBE8F /* Release */,
			);
			defaultConfigurationIsVisible = 0;
			defaultConfigurationName = Release;
		};
		447B747C1BBC1A2D000CBE8F /* Build configuration list for PBXNativeTarget "MarketTrakUITests" */ = {
			isa = XCConfigurationList;
			buildConfigurations = (
				447B747D1BBC1A2D000CBE8F /* Debug */,
				447B747E1BBC1A2D000CBE8F /* Release */,
			);
			defaultConfigurationIsVisible = 0;
			defaultConfigurationName = Release;
		};
/* End XCConfigurationList section */

/* Begin XCVersionGroup section */
		44D428BC1C2E3EB000876859 /* MarketTrak.xcdatamodeld */ = {
			isa = XCVersionGroup;
			children = (
				44D428BD1C2E3EB000876859 /* MarketTrak.xcdatamodel */,
			);
			currentVersion = 44D428BD1C2E3EB000876859 /* MarketTrak.xcdatamodel */;
			path = MarketTrak.xcdatamodeld;
			sourceTree = "<group>";
			versionGroupType = wrapper.xcdatamodel;
		};
/* End XCVersionGroup section */
	};
	rootObject = 447B74461BBC1A2D000CBE8F /* Project object */;
}
